
Microsoft Visual Studio Solution File, Format Version 11.00
# Visual Studio 2010
Project("{FAE04EC0-301F-11D3-BF4B-00C04F79EFBC}") = "Naves", "Assembly-CSharp.csproj", "{791E32F3-B6AA-41CE-5AC9-979D709402A2}"
EndProject
Global
	GlobalSection(SolutionConfigurationPlatforms) = preSolution
		Debug|Any CPU = Debug|Any CPU
		Release|Any CPU = Release|Any CPU
	EndGlobalSection
	GlobalSection(ProjectConfigurationPlatforms) = postSolution
		{791E32F3-B6AA-41CE-5AC9-979D709402A2}.Debug|Any CPU.ActiveCfg = Debug|Any CPU
		{791E32F3-B6AA-41CE-5AC9-979D709402A2}.Debug|Any CPU.Build.0 = Debug|Any CPU
		{791E32F3-B6AA-41CE-5AC9-979D709402A2}.Release|Any CPU.ActiveCfg = Release|Any CPU
		{791E32F3-B6AA-41CE-5AC9-979D709402A2}.Release|Any CPU.Build.0 = Release|Any CPU
	EndGlobalSection
	GlobalSection(SolutionProperties) = preSolution
		HideSolutionNode = FALSE
	EndGlobalSection
	GlobalSection(MonoDevelopProperties) = preSolution
		StartupItem = Assembly-CSharp.csproj
	EndGlobalSection
EndGlobal
